
Microsoft Visual Studio Solution File, Format Version 12.00
# Visual Studio Version 17
VisualStudioVersion = 17.4.33122.133
MinimumVisualStudioVersion = 10.0.40219.1
Project("{FAE04EC0-301F-11D3-BF4B-00C04F79EFBC}") = "EmailAPI", "EmailAPI.csproj", "{7EC4AF41-C9E9-4E06-94F8-80CAF3D3CBB4}"
EndProject
Global
	GlobalSection(SolutionConfigurationPlatforms) = preSolution
		Debug|Any CPU = Debug|Any CPU
		Release|Any CPU = Release|Any CPU
	EndGlobalSection
	GlobalSection(ProjectConfigurationPlatforms) = postSolution
		{7EC4AF41-C9E9-4E06-94F8-80CAF3D3CBB4}.Debug|Any CPU.ActiveCfg = Debug|Any CPU
		{7EC4AF41-C9E9-4E06-94F8-80CAF3D3CBB4}.Debug|Any CPU.Build.0 = Debug|Any CPU
		{7EC4AF41-C9E9-4E06-94F8-80CAF3D3CBB4}.Release|Any CPU.ActiveCfg = Release|Any CPU
		{7EC4AF41-C9E9-4E06-94F8-80CAF3D3CBB4}.Release|Any CPU.Build.0 = Release|Any CPU
	EndGlobalSection
	GlobalSection(SolutionProperties) = preSolution
		HideSolutionNode = FALSE
	EndGlobalSection
	GlobalSection(ExtensibilityGlobals) = postSolution
		SolutionGuid = {EAA57A9B-94BD-46B8-A78E-9E718A6A635A}
	EndGlobalSection
EndGlobal
